Microsoft Visual Studio Solution File, Format Version 12.00
# Visual Studio Version 16
VisualStudioVersion = 16.0.29411.108
MinimumVisualStudioVersion = 10.0.40219.1
Project("{FAE04EC0-301F-11D3-BF4B-00C04F79EFBC}") = "UnityEngine.Analytics_NOTELEMETRY_KSP17", "UnityEngine.Analytics_NOTELEMETRY_KSP17.csproj", "{C66A0660-09D2-487F-BF9C-A42CDD3BA8EB}"
EndProject
Global
	GlobalSection(SolutionConfigurationPlatforms) = preSolution
		Debug|Any CPU = Debug|Any CPU
		Release|Any CPU = Release|Any CPU
	EndGlobalSection
	GlobalSection(ProjectConfigurationPlatforms) = postSolution
		{C66A0660-09D2-487F-BF9C-A42CDD3BA8EB}.Debug|Any CPU.ActiveCfg = Debug|Any CPU
		{C66A0660-09D2-487F-BF9C-A42CDD3BA8EB}.Debug|Any CPU.Build.0 = Debug|Any CPU
		{C66A0660-09D2-487F-BF9C-A42CDD3BA8EB}.Release|Any CPU.ActiveCfg = Release|Any CPU
		{C66A0660-09D2-487F-BF9C-A42CDD3BA8EB}.Release|Any CPU.Build.0 = Release|Any CPU
	EndGlobalSection
	GlobalSection(SolutionProperties) = preSolution
		HideSolutionNode = FALSE
	EndGlobalSection
	GlobalSection(ExtensibilityGlobals) = postSolution
		SolutionGuid = {97FB44D4-A31C-4020-9CC1-6FD7742D65B4}
	EndGlobalSection
EndGlobal
